
Microsoft Visual Studio Solution File, Format Version 12.00
# Visual Studio for Mac
Project("{FAE04EC0-301F-11D3-BF4B-00C04F79EFBC}") = "VuforiaScripts", "VuforiaScripts.csproj", "{DEC69495-A09D-F883-12D1-ACD38E6B57EC}"
EndProject
Project("{FAE04EC0-301F-11D3-BF4B-00C04F79EFBC}") = "Assembly-CSharp", "Assembly-CSharp.csproj", "{CF19A3B5-6FB4-2B4C-22F3-F32F8A49033F}"
EndProject
Project("{FAE04EC0-301F-11D3-BF4B-00C04F79EFBC}") = "VuforiaEditorScripts", "VuforiaEditorScripts.csproj", "{18C6411F-E5AC-7EB6-DCF3-663452EAB34A}"
EndProject
Global
	GlobalSection(SolutionConfigurationPlatforms) = preSolution
		Debug|Any CPU = Debug|Any CPU
		Release|Any CPU = Release|Any CPU
	EndGlobalSection
	GlobalSection(ProjectConfigurationPlatforms) = postSolution
		{DEC69495-A09D-F883-12D1-ACD38E6B57EC}.Debug|Any CPU.ActiveCfg = Debug|Any CPU
		{DEC69495-A09D-F883-12D1-ACD38E6B57EC}.Debug|Any CPU.Build.0 = Debug|Any CPU
		{DEC69495-A09D-F883-12D1-ACD38E6B57EC}.Release|Any CPU.ActiveCfg = Release|Any CPU
		{DEC69495-A09D-F883-12D1-ACD38E6B57EC}.Release|Any CPU.Build.0 = Release|Any CPU
		{CF19A3B5-6FB4-2B4C-22F3-F32F8A49033F}.Debug|Any CPU.ActiveCfg = Debug|Any CPU
		{CF19A3B5-6FB4-2B4C-22F3-F32F8A49033F}.Debug|Any CPU.Build.0 = Debug|Any CPU
		{CF19A3B5-6FB4-2B4C-22F3-F32F8A49033F}.Release|Any CPU.ActiveCfg = Release|Any CPU
		{CF19A3B5-6FB4-2B4C-22F3-F32F8A49033F}.Release|Any CPU.Build.0 = Release|Any CPU
		{18C6411F-E5AC-7EB6-DCF3-663452EAB34A}.Debug|Any CPU.ActiveCfg = Debug|Any CPU
		{18C6411F-E5AC-7EB6-DCF3-663452EAB34A}.Debug|Any CPU.Build.0 = Debug|Any CPU
		{18C6411F-E5AC-7EB6-DCF3-663452EAB34A}.Release|Any CPU.ActiveCfg = Release|Any CPU
		{18C6411F-E5AC-7EB6-DCF3-663452EAB34A}.Release|Any CPU.Build.0 = Release|Any CPU
	EndGlobalSection
	GlobalSection(SolutionProperties) = preSolution
		HideSolutionNode = FALSE
	EndGlobalSection
EndGlobal
